
Microsoft Visual Studio Solution File, Format Version 12.00
# Visual Studio Version 17
VisualStudioVersion = 17.5.002.0
MinimumVisualStudioVersion = 10.0.40219.1
Project("{9A19103F-16F7-4668-BE54-9A1E7A4F7556}") = "s17-l3", "s17-l3.csproj", "{7E324D98-0B76-435A-9620-8801002A3209}"
EndProject
Global
	GlobalSection(SolutionConfigurationPlatforms) = preSolution
		Debug|Any CPU = Debug|Any CPU
		Release|Any CPU = Release|Any CPU
	EndGlobalSection
	GlobalSection(ProjectConfigurationPlatforms) = postSolution
		{7E324D98-0B76-435A-9620-8801002A3209}.Debug|Any CPU.ActiveCfg = Debug|Any CPU
		{7E324D98-0B76-435A-9620-8801002A3209}.Debug|Any CPU.Build.0 = Debug|Any CPU
		{7E324D98-0B76-435A-9620-8801002A3209}.Release|Any CPU.ActiveCfg = Release|Any CPU
		{7E324D98-0B76-435A-9620-8801002A3209}.Release|Any CPU.Build.0 = Release|Any CPU
	EndGlobalSection
	GlobalSection(SolutionProperties) = preSolution
		HideSolutionNode = FALSE
	EndGlobalSection
	GlobalSection(ExtensibilityGlobals) = postSolution
		SolutionGuid = {11621100-0756-4D66-BB3A-649904508FC6}
	EndGlobalSection
EndGlobal
